
Microsoft Visual Studio Solution File, Format Version 12.00
# Visual Studio Version 17
VisualStudioVersion = 17.8.34322.80
MinimumVisualStudioVersion = 10.0.40219.1
Project("{FAE04EC0-301F-11D3-BF4B-00C04F79EFBC}") = "Portfolio", "Portfolio\Portfolio.csproj", "{DE5EE9A9-A92B-458B-A0E2-AFBF636C2FDC}"
EndProject
Project("{FAE04EC0-301F-11D3-BF4B-00C04F79EFBC}") = "Core", "Core\Core.csproj", "{BB424CCE-4B61-41F1-9331-3E39FB25233A}"
EndProject
Project("{FAE04EC0-301F-11D3-BF4B-00C04F79EFBC}") = "Infrastructure", "Infrastructure\Infrastructure.csproj", "{21C88B39-8B83-48EF-B181-88AD3AF4EFFD}"
EndProject
Global
	GlobalSection(SolutionConfigurationPlatforms) = preSolution
		Debug|Any CPU = Debug|Any CPU
		Release|Any CPU = Release|Any CPU
	EndGlobalSection
	GlobalSection(ProjectConfigurationPlatforms) = postSolution
		{DE5EE9A9-A92B-458B-A0E2-AFBF636C2FDC}.Debug|Any CPU.ActiveCfg = Debug|Any CPU
		{DE5EE9A9-A92B-458B-A0E2-AFBF636C2FDC}.Debug|Any CPU.Build.0 = Debug|Any CPU
		{DE5EE9A9-A92B-458B-A0E2-AFBF636C2FDC}.Release|Any CPU.ActiveCfg = Release|Any CPU
		{DE5EE9A9-A92B-458B-A0E2-AFBF636C2FDC}.Release|Any CPU.Build.0 = Release|Any CPU
		{BB424CCE-4B61-41F1-9331-3E39FB25233A}.Debug|Any CPU.ActiveCfg = Debug|Any CPU
		{BB424CCE-4B61-41F1-9331-3E39FB25233A}.Debug|Any CPU.Build.0 = Debug|Any CPU
		{BB424CCE-4B61-41F1-9331-3E39FB25233A}.Release|Any CPU.ActiveCfg = Release|Any CPU
		{BB424CCE-4B61-41F1-9331-3E39FB25233A}.Release|Any CPU.Build.0 = Release|Any CPU
		{21C88B39-8B83-48EF-B181-88AD3AF4EFFD}.Debug|Any CPU.ActiveCfg = Debug|Any CPU
		{21C88B39-8B83-48EF-B181-88AD3AF4EFFD}.Debug|Any CPU.Build.0 = Debug|Any CPU
		{21C88B39-8B83-48EF-B181-88AD3AF4EFFD}.Release|Any CPU.ActiveCfg = Release|Any CPU
		{21C88B39-8B83-48EF-B181-88AD3AF4EFFD}.Release|Any CPU.Build.0 = Release|Any CPU
	EndGlobalSection
	GlobalSection(SolutionProperties) = preSolution
		HideSolutionNode = FALSE
	EndGlobalSection
	GlobalSection(ExtensibilityGlobals) = postSolution
		SolutionGuid = {3FE57250-84D9-4043-BF79-315122DFBAE1}
	EndGlobalSection
EndGlobal
